
Microsoft Visual Studio Solution File, Format Version 12.00
# Visual Studio 15
VisualStudioVersion = 15.0.27130.2036
MinimumVisualStudioVersion = 10.0.40219.1
Project("{FAE04EC0-301F-11D3-BF4B-00C04F79EFBC}") = "Project1a", "Project1a\Project1a.csproj", "{BE93215B-FA69-4059-A91D-530B015CEA72}"
EndProject
Global
	GlobalSection(SolutionConfigurationPlatforms) = preSolution
		Debug|Any CPU = Debug|Any CPU
		Release|Any CPU = Release|Any CPU
	EndGlobalSection
	GlobalSection(ProjectConfigurationPlatforms) = postSolution
		{BE93215B-FA69-4059-A91D-530B015CEA72}.Debug|Any CPU.ActiveCfg = Debug|Any CPU
		{BE93215B-FA69-4059-A91D-530B015CEA72}.Debug|Any CPU.Build.0 = Debug|Any CPU
		{BE93215B-FA69-4059-A91D-530B015CEA72}.Release|Any CPU.ActiveCfg = Release|Any CPU
		{BE93215B-FA69-4059-A91D-530B015CEA72}.Release|Any CPU.Build.0 = Release|Any CPU
	EndGlobalSection
	GlobalSection(SolutionProperties) = preSolution
		HideSolutionNode = FALSE
	EndGlobalSection
	GlobalSection(ExtensibilityGlobals) = postSolution
		SolutionGuid = {5EC3E850-0F58-4731-8567-1C9010C9CAB4}
	EndGlobalSection
EndGlobal
